// !$*UTF8*$!
{
	archiveVersion = 1;
	classes = {
	};
	objectVersion = 52;
	objects = {

/* Begin PBXBuildFile section */
		A3475EFF273305F200BF5E86 /* AppDelegate.swift in Sources */ = {isa = PBXBuildFile; fileRef = A3475EFE273305F200BF5E86 /* AppDelegate.swift */; };
		A3475F01273305F200BF5E86 /* HomeViewController.swift in Sources */ = {isa = PBXBuildFile; fileRef = A3475F00273305F200BF5E86 /* HomeViewController.swift */; };
		A3475F04273305F200BF5E86 /* Main.storyboard in Resources */ = {isa = PBXBuildFile; fileRef = A3475F02273305F200BF5E86 /* Main.storyboard */; };
		A3475F06273305F400BF5E86 /* Assets.xcassets in Resources */ = {isa = PBXBuildFile; fileRef = A3475F05273305F400BF5E86 /* Assets.xcassets */; };
		A3475F09273305F400BF5E86 /* LaunchScreen.storyboard in Resources */ = {isa = PBXBuildFile; fileRef = A3475F07273305F400BF5E86 /* LaunchScreen.storyboard */; };
		A3ACF2E1273847B000CEE97C /* SF-Pro-Display-Light.otf in Resources */ = {isa = PBXBuildFile; fileRef = A3ACF2E0273847B000CEE97C /* SF-Pro-Display-Light.otf */; };
		A3ACF2E3273847B800CEE97C /* SF-Pro-Display-Semibold.otf in Resources */ = {isa = PBXBuildFile; fileRef = A3ACF2E2273847B800CEE97C /* SF-Pro-Display-Semibold.otf */; };
		A3ACF2E727384B9800CEE97C /* Localizable.strings in Resources */ = {isa = PBXBuildFile; fileRef = A3ACF2E627384B9800CEE97C /* Localizable.strings */; };
		F02129CE29E7520F00665538 /* NetworkManager.swift in Sources */ = {isa = PBXBuildFile; fileRef = F02129CD29E7520F00665538 /* NetworkManager.swift */; };
		F02613F02A0543CC006B3C9E /* WeatherBrickTests.swift in Sources */ = {isa = PBXBuildFile; fileRef = F02613EF2A0543CC006B3C9E /* WeatherBrickTests.swift */; };
		F02613FD2A0543FE006B3C9E /* WeatherBrickUITests.swift in Sources */ = {isa = PBXBuildFile; fileRef = F02613FC2A0543FE006B3C9E /* WeatherBrickUITests.swift */; };
		F07AFDDE29CCE5840001BE88 /* Reachability.swift in Sources */ = {isa = PBXBuildFile; fileRef = F07AFDDD29CCE5840001BE88 /* Reachability.swift */; };
		F07D212C29C271F300772826 /* InfoViewController.swift in Sources */ = {isa = PBXBuildFile; fileRef = F07D212B29C271F300772826 /* InfoViewController.swift */; };
		F0B65AF529C3C7030004FF20 /* WeatherModel.swift in Sources */ = {isa = PBXBuildFile; fileRef = F0B65AF429C3C7030004FF20 /* WeatherModel.swift */; };
/* End PBXBuildFile section */

/* Begin PBXContainerItemProxy section */
		F02613F12A0543CC006B3C9E /* PBXContainerItemProxy */ = {
			isa = PBXContainerItemProxy;
			containerPortal = A3475EF3273305F200BF5E86 /* Project object */;
			proxyType = 1;
			remoteGlobalIDString = A3475EFA273305F200BF5E86;
			remoteInfo = WeatherBrick;
		};
		F02614002A0543FE006B3C9E /* PBXContainerItemProxy */ = {
			isa = PBXContainerItemProxy;
			containerPortal = A3475EF3273305F200BF5E86 /* Project object */;
			proxyType = 1;
			remoteGlobalIDString = A3475EFA273305F200BF5E86;
			remoteInfo = WeatherBrick;
		};
/* End PBXContainerItemProxy section */

/* Begin PBXFileReference section */
		A3475EFB273305F200BF5E86 /* WeatherBrick.app */ = {isa = PBXFileReference; explicitFileType = wrapper.application; includeInIndex = 0; path = WeatherBrick.app; sourceTree = BUILT_PRODUCTS_DIR; };
		A3475EFE273305F200BF5E86 /* AppDelegate.swift */ = {isa = PBXFileReference; lastKnownFileType = sourcecode.swift; path = AppDelegate.swift; sourceTree = "<group>"; };
		A3475F00273305F200BF5E86 /* HomeViewController.swift */ = {isa = PBXFileReference; lastKnownFileType = sourcecode.swift; path = HomeViewController.swift; sourceTree = "<group>"; };
		A3475F03273305F200BF5E86 /* Base */ = {isa = PBXFileReference; lastKnownFileType = file.storyboard; name = Base; path = Base.lproj/Main.storyboard; sourceTree = "<group>"; };
		A3475F05273305F400BF5E86 /* Assets.xcassets */ = {isa = PBXFileReference; lastKnownFileType = folder.assetcatalog; path = Assets.xcassets; sourceTree = "<group>"; };
		A3475F08273305F400BF5E86 /* Base */ = {isa = PBXFileReference; lastKnownFileType = file.storyboard; name = Base; path = Base.lproj/LaunchScreen.storyboard; sourceTree = "<group>"; };
		A3475F0A273305F400BF5E86 /* Info.plist */ = {isa = PBXFileReference; lastKnownFileType = text.plist.xml; path = Info.plist; sourceTree = "<group>"; };
		A3ACF2E0273847B000CEE97C /* SF-Pro-Display-Light.otf */ = {isa = PBXFileReference; lastKnownFileType = file; path = "SF-Pro-Display-Light.otf"; sourceTree = "<group>"; };
		A3ACF2E2273847B800CEE97C /* SF-Pro-Display-Semibold.otf */ = {isa = PBXFileReference; lastKnownFileType = file; path = "SF-Pro-Display-Semibold.otf"; sourceTree = "<group>"; };
		A3ACF2E627384B9800CEE97C /* Localizable.strings */ = {isa = PBXFileReference; lastKnownFileType = text.plist.strings; path = Localizable.strings; sourceTree = "<group>"; };
		F02129CD29E7520F00665538 /* NetworkManager.swift */ = {isa = PBXFileReference; lastKnownFileType = sourcecode.swift; path = NetworkManager.swift; sourceTree = "<group>"; };
		F02613ED2A0543CB006B3C9E /* WeatherBrickTests.xctest */ = {isa = PBXFileReference; explicitFileType = wrapper.cfbundle; includeInIndex = 0; path = WeatherBrickTests.xctest; sourceTree = BUILT_PRODUCTS_DIR; };
		F02613EF2A0543CC006B3C9E /* WeatherBrickTests.swift */ = {isa = PBXFileReference; lastKnownFileType = sourcecode.swift; path = WeatherBrickTests.swift; sourceTree = "<group>"; };
		F02613FA2A0543FE006B3C9E /* WeatherBrickUITests.xctest */ = {isa = PBXFileReference; explicitFileType = wrapper.cfbundle; includeInIndex = 0; path = WeatherBrickUITests.xctest; sourceTree = BUILT_PRODUCTS_DIR; };
		F02613FC2A0543FE006B3C9E /* WeatherBrickUITests.swift */ = {isa = PBXFileReference; lastKnownFileType = sourcecode.swift; path = WeatherBrickUITests.swift; sourceTree = "<group>"; };
		F07AFDDD29CCE5840001BE88 /* Reachability.swift */ = {isa = PBXFileReference; fileEncoding = 4; lastKnownFileType = sourcecode.swift; path = Reachability.swift; sourceTree = "<group>"; };
		F07D212B29C271F300772826 /* InfoViewController.swift */ = {isa = PBXFileReference; lastKnownFileType = sourcecode.swift; path = InfoViewController.swift; sourceTree = "<group>"; };
		F0B65AF429C3C7030004FF20 /* WeatherModel.swift */ = {isa = PBXFileReference; lastKnownFileType = sourcecode.swift; path = WeatherModel.swift; sourceTree = "<group>"; };
/* End PBXFileReference section */

/* Begin PBXFrameworksBuildPhase section */
		A3475EF8273305F200BF5E86 /* Frameworks */ = {
			isa = PBXFrameworksBuildPhase;
			buildActionMask = 2147483647;
			files = (
			);
			runOnlyForDeploymentPostprocessing = 0;
		};
		F02613EA2A0543CB006B3C9E /* Frameworks */ = {
			isa = PBXFrameworksBuildPhase;
			buildActionMask = 2147483647;
			files = (
			);
			runOnlyForDeploymentPostprocessing = 0;
		};
		F02613F72A0543FE006B3C9E /* Frameworks */ = {
			isa = PBXFrameworksBuildPhase;
			buildActionMask = 2147483647;
			files = (
			);
			runOnlyForDeploymentPostprocessing = 0;
		};
/* End PBXFrameworksBuildPhase section */

/* Begin PBXGroup section */
		A3475EF2273305F200BF5E86 = {
			isa = PBXGroup;
			children = (
				A3475EFD273305F200BF5E86 /* WeatherBrick */,
				F02613EE2A0543CC006B3C9E /* WeatherBrickTests */,
				F02613FB2A0543FE006B3C9E /* WeatherBrickUITests */,
				A3475EFC273305F200BF5E86 /* Products */,
			);
			sourceTree = "<group>";
		};
		A3475EFC273305F200BF5E86 /* Products */ = {
			isa = PBXGroup;
			children = (
				A3475EFB273305F200BF5E86 /* WeatherBrick.app */,
				F02613ED2A0543CB006B3C9E /* WeatherBrickTests.xctest */,
				F02613FA2A0543FE006B3C9E /* WeatherBrickUITests.xctest */,
			);
			name = Products;
			sourceTree = "<group>";
		};
		A3475EFD273305F200BF5E86 /* WeatherBrick */ = {
			isa = PBXGroup;
			children = (
				A3475F00273305F200BF5E86 /* HomeViewController.swift */,
				F07D212B29C271F300772826 /* InfoViewController.swift */,
				A3475F02273305F200BF5E86 /* Main.storyboard */,
				F0B65AF429C3C7030004FF20 /* WeatherModel.swift */,
				F02129CD29E7520F00665538 /* NetworkManager.swift */,
				F07AFDDD29CCE5840001BE88 /* Reachability.swift */,
				A3ACF2E4273847C600CEE97C /* Resources */,
				A3ACF2DE27383B7400CEE97C /* Supporting Files */,
			);
			path = WeatherBrick;
			sourceTree = "<group>";
		};
		A3ACF2DE27383B7400CEE97C /* Supporting Files */ = {
			isa = PBXGroup;
			children = (
				A3475EFE273305F200BF5E86 /* AppDelegate.swift */,
				A3475F07273305F400BF5E86 /* LaunchScreen.storyboard */,
				A3475F0A273305F400BF5E86 /* Info.plist */,
			);
			name = "Supporting Files";
			sourceTree = "<group>";
		};
		A3ACF2DF2738479300CEE97C /* Fonts */ = {
			isa = PBXGroup;
			children = (
				A3ACF2E0273847B000CEE97C /* SF-Pro-Display-Light.otf */,
				A3ACF2E2273847B800CEE97C /* SF-Pro-Display-Semibold.otf */,
			);
			path = Fonts;
			sourceTree = "<group>";
		};
		A3ACF2E4273847C600CEE97C /* Resources */ = {
			isa = PBXGroup;
			children = (
				A3475F05273305F400BF5E86 /* Assets.xcassets */,
				A3ACF2DF2738479300CEE97C /* Fonts */,
				A3ACF2E627384B9800CEE97C /* Localizable.strings */,
			);
			name = Resources;
			sourceTree = "<group>";
		};
		F02613EE2A0543CC006B3C9E /* WeatherBrickTests */ = {
			isa = PBXGroup;
			children = (
				F02613EF2A0543CC006B3C9E /* WeatherBrickTests.swift */,
			);
			path = WeatherBrickTests;
			sourceTree = "<group>";
		};
		F02613FB2A0543FE006B3C9E /* WeatherBrickUITests */ = {
			isa = PBXGroup;
			children = (
				F02613FC2A0543FE006B3C9E /* WeatherBrickUITests.swift */,
			);
			path = WeatherBrickUITests;
			sourceTree = "<group>";
		};
/* End PBXGroup section */

/* Begin PBXNativeTarget section */
		A3475EFA273305F200BF5E86 /* WeatherBrick */ = {
			isa = PBXNativeTarget;
			buildConfigurationList = A3475F23273305F400BF5E86 /* Build configuration list for PBXNativeTarget "WeatherBrick" */;
			buildPhases = (
				A3ACF2E5273848AB00CEE97C /* SwiftLint */,
				A3475EF7273305F200BF5E86 /* Sources */,
				A3475EF8273305F200BF5E86 /* Frameworks */,
				A3475EF9273305F200BF5E86 /* Resources */,
			);
			buildRules = (
			);
			dependencies = (
			);
			name = WeatherBrick;
			productName = WeatherBrick;
			productReference = A3475EFB273305F200BF5E86 /* WeatherBrick.app */;
			productType = "com.apple.product-type.application";
		};
		F02613EC2A0543CB006B3C9E /* WeatherBrickTests */ = {
			isa = PBXNativeTarget;
			buildConfigurationList = F02613F32A0543CC006B3C9E /* Build configuration list for PBXNativeTarget "WeatherBrickTests" */;
			buildPhases = (
				F02613E92A0543CB006B3C9E /* Sources */,
				F02613EA2A0543CB006B3C9E /* Frameworks */,
				F02613EB2A0543CB006B3C9E /* Resources */,
			);
			buildRules = (
			);
			dependencies = (
				F02613F22A0543CC006B3C9E /* PBXTargetDependency */,
			);
			name = WeatherBrickTests;
			productName = WeatherBrickTests;
			productReference = F02613ED2A0543CB006B3C9E /* WeatherBrickTests.xctest */;
			productType = "com.apple.product-type.bundle.unit-test";
		};
		F02613F92A0543FE006B3C9E /* WeatherBrickUITests */ = {
			isa = PBXNativeTarget;
			buildConfigurationList = F02614022A0543FE006B3C9E /* Build configuration list for PBXNativeTarget "WeatherBrickUITests" */;
			buildPhases = (
				F02613F62A0543FE006B3C9E /* Sources */,
				F02613F72A0543FE006B3C9E /* Frameworks */,
				F02613F82A0543FE006B3C9E /* Resources */,
			);
			buildRules = (
			);
			dependencies = (
				F02614012A0543FE006B3C9E /* PBXTargetDependency */,
			);
			name = WeatherBrickUITests;
			productName = WeatherBrickUITests;
			productReference = F02613FA2A0543FE006B3C9E /* WeatherBrickUITests.xctest */;
			productType = "com.apple.product-type.bundle.ui-testing";
		};
/* End PBXNativeTarget section */

/* Begin PBXProject section */
		A3475EF3273305F200BF5E86 /* Project object */ = {
			isa = PBXProject;
			attributes = {
				LastSwiftUpdateCheck = 1420;
				LastUpgradeCheck = 0940;
				ORGANIZATIONNAME = VAndrJ;
				TargetAttributes = {
					A3475EFA273305F200BF5E86 = {
						CreatedOnToolsVersion = 9.4.1;
						LastSwiftMigration = "";
					};
					F02613EC2A0543CB006B3C9E = {
						CreatedOnToolsVersion = 14.2;
						TestTargetID = A3475EFA273305F200BF5E86;
					};
					F02613F92A0543FE006B3C9E = {
						CreatedOnToolsVersion = 14.2;
						TestTargetID = A3475EFA273305F200BF5E86;
					};
				};
			};
			buildConfigurationList = A3475EF6273305F200BF5E86 /* Build configuration list for PBXProject "WeatherBrick" */;
			compatibilityVersion = "Xcode 9.3";
			developmentRegion = en;
			hasScannedForEncodings = 0;
			knownRegions = (
				en,
				Base,
			);
			mainGroup = A3475EF2273305F200BF5E86;
			packageReferences = (
				F02613E32A04F945006B3C9E /* XCRemoteSwiftPackageReference "swift-snapshot-testing" */,
			);
			productRefGroup = A3475EFC273305F200BF5E86 /* Products */;
			projectDirPath = "";
			projectRoot = "";
			targets = (
				A3475EFA273305F200BF5E86 /* WeatherBrick */,
				F02613EC2A0543CB006B3C9E /* WeatherBrickTests */,
				F02613F92A0543FE006B3C9E /* WeatherBrickUITests */,
			);
		};
/* End PBXProject section */

/* Begin PBXResourcesBuildPhase section */
		A3475EF9273305F200BF5E86 /* Resources */ = {
			isa = PBXResourcesBuildPhase;
			buildActionMask = 2147483647;
			files = (
				A3475F09273305F400BF5E86 /* LaunchScreen.storyboard in Resources */,
				A3ACF2E727384B9800CEE97C /* Localizable.strings in Resources */,
				A3475F06273305F400BF5E86 /* Assets.xcassets in Resources */,
				A3ACF2E3273847B800CEE97C /* SF-Pro-Display-Semibold.otf in Resources */,
				A3ACF2E1273847B000CEE97C /* SF-Pro-Display-Light.otf in Resources */,
				A3475F04273305F200BF5E86 /* Main.storyboard in Resources */,
			);
			runOnlyForDeploymentPostprocessing = 0;
		};
		F02613EB2A0543CB006B3C9E /* Resources */ = {
			isa = PBXResourcesBuildPhase;
			buildActionMask = 2147483647;
			files = (
			);
			runOnlyForDeploymentPostprocessing = 0;
		};
		F02613F82A0543FE006B3C9E /* Resources */ = {
			isa = PBXResourcesBuildPhase;
			buildActionMask = 2147483647;
			files = (
			);
			runOnlyForDeploymentPostprocessing = 0;
		};
/* End PBXResourcesBuildPhase section */

/* Begin PBXShellScriptBuildPhase section */
		A3ACF2E5273848AB00CEE97C /* SwiftLint */ = {
			isa = PBXShellScriptBuildPhase;
			buildActionMask = 2147483647;
			files = (
			);
			inputFileListPaths = (
			);
			inputPaths = (
			);
			name = SwiftLint;
			outputFileListPaths = (
			);
			outputPaths = (
			);
			runOnlyForDeploymentPostprocessing = 0;
			shellPath = /bin/sh;
			shellScript = "export PATH=\"$PATH:/opt/homebrew/bin\"\n\nif which swiftlint >/dev/null; then\n  swiftlint\nelse\n  echo \"warning: SwiftLint not installed, download from https://github.com/realm/SwiftLint\"\nfi\n";
		};
/* End PBXShellScriptBuildPhase section */

/* Begin PBXSourcesBuildPhase section */
		A3475EF7273305F200BF5E86 /* Sources */ = {
			isa = PBXSourcesBuildPhase;
			buildActionMask = 2147483647;
			files = (
				F02129CE29E7520F00665538 /* NetworkManager.swift in Sources */,
				A3475F01273305F200BF5E86 /* HomeViewController.swift in Sources */,
				F07D212C29C271F300772826 /* InfoViewController.swift in Sources */,
				F0B65AF529C3C7030004FF20 /* WeatherModel.swift in Sources */,
				F07AFDDE29CCE5840001BE88 /* Reachability.swift in Sources */,
				A3475EFF273305F200BF5E86 /* AppDelegate.swift in Sources */,
			);
			runOnlyForDeploymentPostprocessing = 0;
		};
		F02613E92A0543CB006B3C9E /* Sources */ = {
			isa = PBXSourcesBuildPhase;
			buildActionMask = 2147483647;
			files = (
				F02613F02A0543CC006B3C9E /* WeatherBrickTests.swift in Sources */,
			);
			runOnlyForDeploymentPostprocessing = 0;
		};
		F02613F62A0543FE006B3C9E /* Sources */ = {
			isa = PBXSourcesBuildPhase;
			buildActionMask = 2147483647;
			files = (
				F02613FD2A0543FE006B3C9E /* WeatherBrickUITests.swift in Sources */,
			);
			runOnlyForDeploymentPostprocessing = 0;
		};
/* End PBXSourcesBuildPhase section */

/* Begin PBXTargetDependency section */
		F02613F22A0543CC006B3C9E /* PBXTargetDependency */ = {
			isa = PBXTargetDependency;
			target = A3475EFA273305F200BF5E86 /* WeatherBrick */;
			targetProxy = F02613F12A0543CC006B3C9E /* PBXContainerItemProxy */;
		};
		F02614012A0543FE006B3C9E /* PBXTargetDependency */ = {
			isa = PBXTargetDependency;
			target = A3475EFA273305F200BF5E86 /* WeatherBrick */;
			targetProxy = F02614002A0543FE006B3C9E /* PBXContainerItemProxy */;
		};
/* End PBXTargetDependency section */

/* Begin PBXVariantGroup section */
		A3475F02273305F200BF5E86 /* Main.storyboard */ = {
			isa = PBXVariantGroup;
			children = (
				A3475F03273305F200BF5E86 /* Base */,
			);
			name = Main.storyboard;
			sourceTree = "<group>";
		};
		A3475F07273305F400BF5E86 /* LaunchScreen.storyboard */ = {
			isa = PBXVariantGroup;
			children = (
				A3475F08273305F400BF5E86 /* Base */,
			);
			name = LaunchScreen.storyboard;
			sourceTree = "<group>";
		};
/* End PBXVariantGroup section */

/* Begin XCBuildConfiguration section */
		A3475F21273305F400BF5E86 /* Debug */ = {
			isa = XCBuildConfiguration;
			buildSettings = {
				ALWAYS_SEARCH_USER_PATHS = NO;
				CLANG_ANALYZER_NONNULL = YES;
				CLANG_ANALYZER_NUMBER_OBJECT_CONVERSION = YES_AGGRESSIVE;
				CLANG_CXX_LANGUAGE_STANDARD = "gnu++14";
				CLANG_CXX_LIBRARY = "libc++";
				CLANG_ENABLE_MODULES = YES;
				CLANG_ENABLE_OBJC_ARC = YES;
				CLANG_ENABLE_OBJC_WEAK = YES;
				CLANG_WARN_BLOCK_CAPTURE_AUTORELEASING = YES;
				CLANG_WARN_BOOL_CONVERSION = YES;
				CLANG_WARN_COMMA = YES;
				CLANG_WARN_CONSTANT_CONVERSION = YES;
				CLANG_WARN_DEPRECATED_OBJC_IMPLEMENTATIONS = YES;
				CLANG_WARN_DIRECT_OBJC_ISA_USAGE = YES_ERROR;
				CLANG_WARN_DOCUMENTATION_COMMENTS = YES;
				CLANG_WARN_EMPTY_BODY = YES;
				CLANG_WARN_ENUM_CONVERSION = YES;
				CLANG_WARN_INFINITE_RECURSION = YES;
				CLANG_WARN_INT_CONVERSION = YES;
				CLANG_WARN_NON_LITERAL_NULL_CONVERSION = YES;
				CLANG_WARN_OBJC_IMPLICIT_RETAIN_SELF = YES;
				CLANG_WARN_OBJC_LITERAL_CONVERSION = YES;
				CLANG_WARN_OBJC_ROOT_CLASS = YES_ERROR;
				CLANG_WARN_RANGE_LOOP_ANALYSIS = YES;
				CLANG_WARN_STRICT_PROTOTYPES = YES;
				CLANG_WARN_SUSPICIOUS_MOVE = YES;
				CLANG_WARN_UNGUARDED_AVAILABILITY = YES_AGGRESSIVE;
				CLANG_WARN_UNREACHABLE_CODE = YES;
				CLANG_WARN__DUPLICATE_METHOD_MATCH = YES;
				CODE_SIGN_IDENTITY = "iPhone Developer";
				COPY_PHASE_STRIP = NO;
				DEBUG_INFORMATION_FORMAT = dwarf;
				ENABLE_STRICT_OBJC_MSGSEND = YES;
				ENABLE_TESTABILITY = YES;
				GCC_C_LANGUAGE_STANDARD = gnu11;
				GCC_DYNAMIC_NO_PIC = NO;
				GCC_NO_COMMON_BLOCKS = YES;
				GCC_OPTIMIZATION_LEVEL = 0;
				GCC_PREPROCESSOR_DEFINITIONS = (
					"DEBUG=1",
					"$(inherited)",
				);
				GCC_WARN_64_TO_32_BIT_CONVERSION = YES;
				GCC_WARN_ABOUT_RETURN_TYPE = YES_ERROR;
				GCC_WARN_UNDECLARED_SELECTOR = YES;
				GCC_WARN_UNINITIALIZED_AUTOS = YES_AGGRESSIVE;
				GCC_WARN_UNUSED_FUNCTION = YES;
				GCC_WARN_UNUSED_VARIABLE = YES;
				IPHONEOS_DEPLOYMENT_TARGET = 11.4;
				MTL_ENABLE_DEBUG_INFO = YES;
				ONLY_ACTIVE_ARCH = YES;
				SDKROOT = iphoneos;
				SWIFT_ACTIVE_COMPILATION_CONDITIONS = DEBUG;
				SWIFT_OPTIMIZATION_LEVEL = "-Onone";
			};
			name = Debug;
		};
		A3475F22273305F400BF5E86 /* Release */ = {
			isa = XCBuildConfiguration;
			buildSettings = {
				ALWAYS_SEARCH_USER_PATHS = NO;
				CLANG_ANALYZER_NONNULL = YES;
				CLANG_ANALYZER_NUMBER_OBJECT_CONVERSION = YES_AGGRESSIVE;
				CLANG_CXX_LANGUAGE_STANDARD = "gnu++14";
				CLANG_CXX_LIBRARY = "libc++";
				CLANG_ENABLE_MODULES = YES;
				CLANG_ENABLE_OBJC_ARC = YES;
				CLANG_ENABLE_OBJC_WEAK = YES;
				CLANG_WARN_BLOCK_CAPTURE_AUTORELEASING = YES;
				CLANG_WARN_BOOL_CONVERSION = YES;
				CLANG_WARN_COMMA = YES;
				CLANG_WARN_CONSTANT_CONVERSION = YES;
				CLANG_WARN_DEPRECATED_OBJC_IMPLEMENTATIONS = YES;
				CLANG_WARN_DIRECT_OBJC_ISA_USAGE = YES_ERROR;
				CLANG_WARN_DOCUMENTATION_COMMENTS = YES;
				CLANG_WARN_EMPTY_BODY = YES;
				CLANG_WARN_ENUM_CONVERSION = YES;
				CLANG_WARN_INFINITE_RECURSION = YES;
				CLANG_WARN_INT_CONVERSION = YES;
				CLANG_WARN_NON_LITERAL_NULL_CONVERSION = YES;
				CLANG_WARN_OBJC_IMPLICIT_RETAIN_SELF = YES;
				CLANG_WARN_OBJC_LITERAL_CONVERSION = YES;
				CLANG_WARN_OBJC_ROOT_CLASS = YES_ERROR;
				CLANG_WARN_RANGE_LOOP_ANALYSIS = YES;
				CLANG_WARN_STRICT_PROTOTYPES = YES;
				CLANG_WARN_SUSPICIOUS_MOVE = YES;
				CLANG_WARN_UNGUARDED_AVAILABILITY = YES_AGGRESSIVE;
				CLANG_WARN_UNREACHABLE_CODE = YES;
				CLANG_WARN__DUPLICATE_METHOD_MATCH = YES;
				CODE_SIGN_IDENTITY = "iPhone Developer";
				COPY_PHASE_STRIP = NO;
				DEBUG_INFORMATION_FORMAT = "dwarf-with-dsym";
				ENABLE_NS_ASSERTIONS = NO;
				ENABLE_STRICT_OBJC_MSGSEND = YES;
				GCC_C_LANGUAGE_STANDARD = gnu11;
				GCC_NO_COMMON_BLOCKS = YES;
				GCC_WARN_64_TO_32_BIT_CONVERSION = YES;
				GCC_WARN_ABOUT_RETURN_TYPE = YES_ERROR;
				GCC_WARN_UNDECLARED_SELECTOR = YES;
				GCC_WARN_UNINITIALIZED_AUTOS = YES_AGGRESSIVE;
				GCC_WARN_UNUSED_FUNCTION = YES;
				GCC_WARN_UNUSED_VARIABLE = YES;
				IPHONEOS_DEPLOYMENT_TARGET = 11.4;
				MTL_ENABLE_DEBUG_INFO = NO;
				SDKROOT = iphoneos;
				SWIFT_COMPILATION_MODE = wholemodule;
				SWIFT_OPTIMIZATION_LEVEL = "-O";
				VALIDATE_PRODUCT = YES;
			};
			name = Release;
		};
		A3475F24273305F400BF5E86 /* Debug */ = {
			isa = XCBuildConfiguration;
			buildSettings = {
				ASSETCATALOG_COMPILER_APPICON_NAME = AppIcon;
				CODE_SIGN_IDENTITY = "Apple Development";
				CODE_SIGN_STYLE = Automatic;
				DEVELOPMENT_TEAM = DTNM4439C9;
				INFOPLIST_FILE = WeatherBrick/Info.plist;
				IPHONEOS_DEPLOYMENT_TARGET = 11.0;
				LD_RUNPATH_SEARCH_PATHS = (
					"$(inherited)",
					"@executable_path/Frameworks",
				);
				PRODUCT_BUNDLE_IDENTIFIER = com.foxminded.WeatherBrick;
				PRODUCT_NAME = "$(TARGET_NAME)";
				PROVISIONING_PROFILE_SPECIFIER = "";
				SWIFT_VERSION = 4.0;
				TARGETED_DEVICE_FAMILY = 1;
			};
			name = Debug;
		};
		A3475F25273305F400BF5E86 /* Release */ = {
			isa = XCBuildConfiguration;
			buildSettings = {
				ASSETCATALOG_COMPILER_APPICON_NAME = AppIcon;
				CODE_SIGN_IDENTITY = "Apple Development";
				CODE_SIGN_STYLE = Automatic;
				DEVELOPMENT_TEAM = DTNM4439C9;
				INFOPLIST_FILE = WeatherBrick/Info.plist;
				IPHONEOS_DEPLOYMENT_TARGET = 11.0;
				LD_RUNPATH_SEARCH_PATHS = (
					"$(inherited)",
					"@executable_path/Frameworks",
				);
				PRODUCT_BUNDLE_IDENTIFIER = com.foxminded.WeatherBrick;
				PRODUCT_NAME = "$(TARGET_NAME)";
				PROVISIONING_PROFILE_SPECIFIER = "";
				SWIFT_VERSION = 4.0;
				TARGETED_DEVICE_FAMILY = 1;
			};
			name = Release;
		};
		F02613F42A0543CC006B3C9E /* Debug */ = {
			isa = XCBuildConfiguration;
			buildSettings = {
				BUNDLE_LOADER = "$(TEST_HOST)";
				CLANG_CXX_LANGUAGE_STANDARD = "gnu++20";
				CLANG_WARN_QUOTED_INCLUDE_IN_FRAMEWORK_HEADER = YES;
				CODE_SIGN_STYLE = Automatic;
				CURRENT_PROJECT_VERSION = 1;
				DEVELOPMENT_TEAM = DTNM4439C9;
				GENERATE_INFOPLIST_FILE = YES;
				IPHONEOS_DEPLOYMENT_TARGET = 16.2;
				MARKETING_VERSION = 1.0;
				MTL_ENABLE_DEBUG_INFO = INCLUDE_SOURCE;
				MTL_FAST_MATH = YES;
				PRODUCT_BUNDLE_IDENTIFIER = com.WeatherBrickTests;
				PRODUCT_NAME = "$(TARGET_NAME)";
				SWIFT_EMIT_LOC_STRINGS = NO;
				SWIFT_VERSION = 5.0;
				TARGETED_DEVICE_FAMILY = "1,2";
				TEST_HOST = "$(BUILT_PRODUCTS_DIR)/WeatherBrick.app/$(BUNDLE_EXECUTABLE_FOLDER_PATH)/WeatherBrick";
			};
			name = Debug;
		};
		F02613F52A0543CC006B3C9E /* Release */ = {
			isa = XCBuildConfiguration;
			buildSettings = {
				BUNDLE_LOADER = "$(TEST_HOST)";
				CLANG_CXX_LANGUAGE_STANDARD = "gnu++20";
				CLANG_WARN_QUOTED_INCLUDE_IN_FRAMEWORK_HEADER = YES;
				CODE_SIGN_STYLE = Automatic;
				CURRENT_PROJECT_VERSION = 1;
				DEVELOPMENT_TEAM = DTNM4439C9;
				GENERATE_INFOPLIST_FILE = YES;
				IPHONEOS_DEPLOYMENT_TARGET = 16.2;
				MARKETING_VERSION = 1.0;
				MTL_FAST_MATH = YES;
				PRODUCT_BUNDLE_IDENTIFIER = com.WeatherBrickTests;
				PRODUCT_NAME = "$(TARGET_NAME)";
				SWIFT_EMIT_LOC_STRINGS = NO;
				SWIFT_VERSION = 5.0;
				TARGETED_DEVICE_FAMILY = "1,2";
				TEST_HOST = "$(BUILT_PRODUCTS_DIR)/WeatherBrick.app/$(BUNDLE_EXECUTABLE_FOLDER_PATH)/WeatherBrick";
			};
			name = Release;
		};
		F02614032A0543FE006B3C9E /* Debug */ = {
			isa = XCBuildConfiguration;
			buildSettings = {
				CLANG_CXX_LANGUAGE_STANDARD = "gnu++20";
				CLANG_WARN_QUOTED_INCLUDE_IN_FRAMEWORK_HEADER = YES;
				CODE_SIGN_STYLE = Automatic;
				CURRENT_PROJECT_VERSION = 1;
				DEVELOPMENT_TEAM = DTNM4439C9;
				GENERATE_INFOPLIST_FILE = YES;
				IPHONEOS_DEPLOYMENT_TARGET = 16.2;
				MARKETING_VERSION = 1.0;
				MTL_ENABLE_DEBUG_INFO = INCLUDE_SOURCE;
				MTL_FAST_MATH = YES;
				PRODUCT_BUNDLE_IDENTIFIER = com.WeatherBrickUITests;
				PRODUCT_NAME = "$(TARGET_NAME)";
				SWIFT_EMIT_LOC_STRINGS = NO;
				SWIFT_VERSION = 5.0;
				TARGETED_DEVICE_FAMILY = "1,2";
				TEST_TARGET_NAME = WeatherBrick;
			};
			name = Debug;
		};
		F02614042A0543FE006B3C9E /* Release */ = {
			isa = XCBuildConfiguration;
			buildSettings = {
				CLANG_CXX_LANGUAGE_STANDARD = "gnu++20";
				CLANG_WARN_QUOTED_INCLUDE_IN_FRAMEWORK_HEADER = YES;
				CODE_SIGN_STYLE = Automatic;
				CURRENT_PROJECT_VERSION = 1;
				DEVELOPMENT_TEAM = DTNM4439C9;
				GENERATE_INFOPLIST_FILE = YES;
				IPHONEOS_DEPLOYMENT_TARGET = 16.2;
				MARKETING_VERSION = 1.0;
				MTL_FAST_MATH = YES;
				PRODUCT_BUNDLE_IDENTIFIER = com.WeatherBrickUITests;
				PRODUCT_NAME = "$(TARGET_NAME)";
				SWIFT_EMIT_LOC_STRINGS = NO;
				SWIFT_VERSION = 5.0;
				TARGETED_DEVICE_FAMILY = "1,2";
				TEST_TARGET_NAME = WeatherBrick;
			};
			name = Release;
		};
/* End XCBuildConfiguration section */

/* Begin XCConfigurationList section */
		A3475EF6273305F200BF5E86 /* Build configuration list for PBXProject "WeatherBrick" */ = {
			isa = XCConfigurationList;
			buildConfigurations = (
				A3475F21273305F400BF5E86 /* Debug */,
				A3475F22273305F400BF5E86 /* Release */,
			);
			defaultConfigurationIsVisible = 0;
			defaultConfigurationName = Release;
		};
		A3475F23273305F400BF5E86 /* Build configuration list for PBXNativeTarget "WeatherBrick" */ = {
			isa = XCConfigurationList;
			buildConfigurations = (
				A3475F24273305F400BF5E86 /* Debug */,
				A3475F25273305F400BF5E86 /* Release */,
			);
			defaultConfigurationIsVisible = 0;
			defaultConfigurationName = Release;
		};
		F02613F32A0543CC006B3C9E /* Build configuration list for PBXNativeTarget "WeatherBrickTests" */ = {
			isa = XCConfigurationList;
			buildConfigurations = (
				F02613F42A0543CC006B3C9E /* Debug */,
				F02613F52A0543CC006B3C9E /* Release */,
			);
			defaultConfigurationIsVisible = 0;
			defaultConfigurationName = Release;
		};
		F02614022A0543FE006B3C9E /* Build configuration list for PBXNativeTarget "WeatherBrickUITests" */ = {
			isa = XCConfigurationList;
			buildConfigurations = (
				F02614032A0543FE006B3C9E /* Debug */,
				F02614042A0543FE006B3C9E /* Release */,
			);
			defaultConfigurationIsVisible = 0;
			defaultConfigurationName = Release;
		};
/* End XCConfigurationList section */

/* Begin XCRemoteSwiftPackageReference section */
		F02613E32A04F945006B3C9E /* XCRemoteSwiftPackageReference "swift-snapshot-testing" */ = {
			isa = XCRemoteSwiftPackageReference;
			repositoryURL = "https://github.com/pointfreeco/swift-snapshot-testing";
			requirement = {
				kind = upToNextMinorVersion;
				minimumVersion = 1.9.0;
			};
		};
/* End XCRemoteSwiftPackageReference section */
	};
	rootObject = A3475EF3273305F200BF5E86 /* Project object */;
}
